{
  "name": "easystatemanager",
  "version": "1.0.5",
  "lockfileVersion": 3,
  "requires": true,
  "packages": {
    "": {
      "name": "easystatemanager",
      "version": "1.0.5",
      "license": "MIT",
      "dependencies": {
        "easystatemanager": "^1.0.5"
      }
    },
    "node_modules/easystatemanager": {
      "version": "1.0.5",
      "resolved": "https://registry.npmjs.org/easystatemanager/-/easystatemanager-1.0.5.tgz",
      "integrity": "sha512-L2ZEXXCN9bEDFwDQkLayM3VXSTYG8yxrMm6UmPEVwaMQgYDmx8CT5goObBZmsYUP1u4SWKCamsUVNY/HAX/0MA=="
    }
  }
}
